
Microsoft Visual Studio Solution File, Format Version 12.00
# Visual Studio Version 17
VisualStudioVersion = 17.5.33530.505
MinimumVisualStudioVersion = 10.0.40219.1
Project("{FAE04EC0-301F-11D3-BF4B-00C04F79EFBC}") = "WinFormsApp", "WinFormsApp\WinFormsApp.csproj", "{D24C6FF2-461F-4522-9D72-7F7F29767BB7}"
EndProject
Project("{FAE04EC0-301F-11D3-BF4B-00C04F79EFBC}") = "WinFormsApp.Core", "WinFormsApp.Core\WinFormsApp.Core.csproj", "{7BCE796F-936C-4078-8444-CDEEFD94096D}"
EndProject
Project("{FAE04EC0-301F-11D3-BF4B-00C04F79EFBC}") = "WinFormsApp.Infra", "WinFormsApp.Infra\WinFormsApp.Infra.csproj", "{68215AED-BE55-4A55-A5B2-78E060A8147B}"
EndProject
Global
	GlobalSection(SolutionConfigurationPlatforms) = preSolution
		Debug|Any CPU = Debug|Any CPU
		Release|Any CPU = Release|Any CPU
	EndGlobalSection
	GlobalSection(ProjectConfigurationPlatforms) = postSolution
		{D24C6FF2-461F-4522-9D72-7F7F29767BB7}.Debug|Any CPU.ActiveCfg = Debug|Any CPU
		{D24C6FF2-461F-4522-9D72-7F7F29767BB7}.Debug|Any CPU.Build.0 = Debug|Any CPU
		{D24C6FF2-461F-4522-9D72-7F7F29767BB7}.Release|Any CPU.ActiveCfg = Release|Any CPU
		{D24C6FF2-461F-4522-9D72-7F7F29767BB7}.Release|Any CPU.Build.0 = Release|Any CPU
		{7BCE796F-936C-4078-8444-CDEEFD94096D}.Debug|Any CPU.ActiveCfg = Debug|Any CPU
		{7BCE796F-936C-4078-8444-CDEEFD94096D}.Debug|Any CPU.Build.0 = Debug|Any CPU
		{7BCE796F-936C-4078-8444-CDEEFD94096D}.Release|Any CPU.ActiveCfg = Release|Any CPU
		{7BCE796F-936C-4078-8444-CDEEFD94096D}.Release|Any CPU.Build.0 = Release|Any CPU
		{68215AED-BE55-4A55-A5B2-78E060A8147B}.Debug|Any CPU.ActiveCfg = Debug|Any CPU
		{68215AED-BE55-4A55-A5B2-78E060A8147B}.Debug|Any CPU.Build.0 = Debug|Any CPU
		{68215AED-BE55-4A55-A5B2-78E060A8147B}.Release|Any CPU.ActiveCfg = Release|Any CPU
		{68215AED-BE55-4A55-A5B2-78E060A8147B}.Release|Any CPU.Build.0 = Release|Any CPU
	EndGlobalSection
	GlobalSection(SolutionProperties) = preSolution
		HideSolutionNode = FALSE
	EndGlobalSection
	GlobalSection(ExtensibilityGlobals) = postSolution
		SolutionGuid = {A5BA50D5-6255-4008-B15A-CDFF19886BB2}
	EndGlobalSection
EndGlobal
